PODS:
  - libwebp (1.5.0):
    - libwebp/demux (= 1.5.0)
    - libwebp/mux (= 1.5.0)
    - libwebp/sharpyuv (= 1.5.0)
    - libwebp/webp (= 1.5.0)
  - libwebp/demux (1.5.0):
    - libwebp/webp
  - libwebp/mux (1.5.0):
    - libwebp/demux
  - libwebp/sharpyuv (1.5.0)
  - libwebp/webp (1.5.0):
    - libwebp/sharpyuv
  - TencentNavKit (7.1.1):
    - TencentNavKit/TencentNavKit (= 7.1.1)
    - TencentNavKit/TencentNavLocationKit (= 7.1.1)
    - TencentNavKit/TencentNavMapFoundationKit (= 7.1.1)
    - TencentNavKit/TencentNavMapKit (= 7.1.1)
    - TencentNavKit/TNKAudioPlayer (= 7.1.1)
  - TencentNavKit/TencentNavKit (7.1.1):
    - TencentNavKit/TencentNavLocationKit
    - TencentNavKit/TencentNavMapKit
  - TencentNavKit/TencentNavLocationKit (7.1.1):
    - TencentNavKit/TencentNavMapFoundationKit
  - TencentNavKit/TencentNavMapFoundationKit (7.1.1)
  - TencentNavKit/TencentNavMapKit (7.1.1):
    - TencentNavKit/TencentNavMapFoundationKit
  - TencentNavKit/TNKAudioPlayer (7.1.1):
    - TencentNavKit/TencentNavKit

DEPENDENCIES:
  - libwebp
  - TencentNavKit (= 7.1.1)

SPEC REPOS:
  trunk:
    - libwebp
    - TencentNavKit

SPEC CHECKSUMS:
  libwebp: 02b23773aedb6ff1fd38cec7a77b81414c6842a8
  TencentNavKit: 221be18885e1ab3f899d86aeacb39bdb6fc818a0

PODFILE CHECKSUM: ea3d8a0008eb0cb952e8ac7656996a9eb4fc0bc5

COCOAPODS: 1.16.2
